// !$*UTF8*$!
{
	archiveVersion = 1;
	classes = {
	};
	objectVersion = 46;
	objects = {

/* Begin PBXBuildFile section */
		85DE76521C326D4700C90225 /* main.m in Sources */ = {isa = PBXBuildFile; fileRef = 85DE76511C326D4700C90225 /* main.m */; };
		85DE76551C326D4700C90225 /* AppDelegate.m in Sources */ = {isa = PBXBuildFile; fileRef = 85DE76541C326D4700C90225 /* AppDelegate.m */; };
		85DE76581C326D4700C90225 /* ViewController.m in Sources */ = {isa = PBXBuildFile; fileRef = 85DE76571C326D4700C90225 /* ViewController.m */; };
		85DE765B1C326D4700C90225 /* Main.storyboard in Resources */ = {isa = PBXBuildFile; fileRef = 85DE76591C326D4700C90225 /* Main.storyboard */; };
		85DE765D1C326D4700C90225 /* Assets.xcassets in Resources */ = {isa = PBXBuildFile; fileRef = 85DE765C1C326D4700C90225 /* Assets.xcassets */; };
		85DE76601C326D4700C90225 /* LaunchScreen.storyboard in Resources */ = {isa = PBXBuildFile; fileRef = 85DE765E1C326D4700C90225 /* LaunchScreen.storyboard */; };
		85DE766B1C326D4700C90225 /* TextTests.m in Sources */ = {isa = PBXBuildFile; fileRef = 85DE766A1C326D4700C90225 /* TextTests.m */; };
		85DE76761C326D4700C90225 /* TextUITests.m in Sources */ = {isa = PBXBuildFile; fileRef = 85DE76751C326D4700C90225 /* TextUITests.m */; };
/* End PBXBuildFile section */

/* Begin PBXContainerItemProxy section */
		85DE76671C326D4700C90225 /* PBXContainerItemProxy */ = {
			isa = PBXContainerItemProxy;
			containerPortal = 85DE76451C326D4700C90225 /* Project object */;
			proxyType = 1;
			remoteGlobalIDString = 85DE764C1C326D4700C90225;
			remoteInfo = Text;
		};
		85DE76721C326D4700C90225 /* PBXContainerItemProxy */ = {
			isa = PBXContainerItemProxy;
			containerPortal = 85DE76451C326D4700C90225 /* Project object */;
			proxyType = 1;
			remoteGlobalIDString = 85DE764C1C326D4700C90225;
			remoteInfo = Text;
		};
/* End PBXContainerItemProxy section */

/* Begin PBXFileReference section */
		85DE764D1C326D4700C90225 /* Text.app */ = {isa = PBXFileReference; explicitFileType = wrapper.application; includeInIndex = 0; path = Text.app; sourceTree = BUILT_PRODUCTS_DIR; };
		85DE76511C326D4700C90225 /* main.m */ = {isa = PBXFileReference; lastKnownFileType = sourcecode.c.objc; path = main.m; sourceTree = "<group>"; };
		85DE76531C326D4700C90225 /* AppDelegate.h */ = {isa = PBXFileReference; lastKnownFileType = sourcecode.c.h; path = AppDelegate.h; sourceTree = "<group>"; };
		85DE76541C326D4700C90225 /* AppDelegate.m */ = {isa = PBXFileReference; lastKnownFileType = sourcecode.c.objc; path = AppDelegate.m; sourceTree = "<group>"; };
		85DE76561C326D4700C90225 /* ViewController.h */ = {isa = PBXFileReference; lastKnownFileType = sourcecode.c.h; path = ViewController.h; sourceTree = "<group>"; };
		85DE76571C326D4700C90225 /* ViewController.m */ = {isa = PBXFileReference; lastKnownFileType = sourcecode.c.objc; path = ViewController.m; sourceTree = "<group>"; };
		85DE765A1C326D4700C90225 /* Base */ = {isa = PBXFileReference; lastKnownFileType = file.storyboard; name = Base; path = Base.lproj/Main.storyboard; sourceTree = "<group>"; };
		85DE765C1C326D4700C90225 /* Assets.xcassets */ = {isa = PBXFileReference; lastKnownFileType = folder.assetcatalog; path = Assets.xcassets; sourceTree = "<group>"; };
		85DE765F1C326D4700C90225 /* Base */ = {isa = PBXFileReference; lastKnownFileType = file.storyboard; name = Base; path = Base.lproj/LaunchScreen.storyboard; sourceTree = "<group>"; };
		85DE76611C326D4700C90225 /* Info.plist */ = {isa = PBXFileReference; lastKnownFileType = text.plist.xml; path = Info.plist; sourceTree = "<group>"; };
		85DE76661C326D4700C90225 /* TextTests.xctest */ = {isa = PBXFileReference; explicitFileType = wrapper.cfbundle; includeInIndex = 0; path = TextTests.xctest; sourceTree = BUILT_PRODUCTS_DIR; };
		85DE766A1C326D4700C90225 /* TextTests.m */ = {isa = PBXFileReference; lastKnownFileType = sourcecode.c.objc; path = TextTests.m; sourceTree = "<group>"; };
		85DE766C1C326D4700C90225 /* Info.plist */ = {isa = PBXFileReference; lastKnownFileType = text.plist.xml; path = Info.plist; sourceTree = "<group>"; };
		85DE76711C326D4700C90225 /* TextUITests.xctest */ = {isa = PBXFileReference; explicitFileType = wrapper.cfbundle; includeInIndex = 0; path = TextUITests.xctest; sourceTree = BUILT_PRODUCTS_DIR; };
		85DE76751C326D4700C90225 /* TextUITests.m */ = {isa = PBXFileReference; lastKnownFileType = sourcecode.c.objc; path = TextUITests.m; sourceTree = "<group>"; };
		85DE76771C326D4700C90225 /* Info.plist */ = {isa = PBXFileReference; lastKnownFileType = text.plist.xml; path = Info.plist; sourceTree = "<group>"; };
/* End PBXFileReference section */

/* Begin PBXFrameworksBuildPhase section */
		85DE764A1C326D4700C90225 /* Frameworks */ = {
			isa = PBXFrameworksBuildPhase;
			buildActionMask = 2147483647;
			files = (
			);
			runOnlyForDeploymentPostprocessing = 0;
		};
		85DE76631C326D4700C90225 /* Frameworks */ = {
			isa = PBXFrameworksBuildPhase;
			buildActionMask = 2147483647;
			files = (
			);
			runOnlyForDeploymentPostprocessing = 0;
		};
		85DE766E1C326D4700C90225 /* Frameworks */ = {
			isa = PBXFrameworksBuildPhase;
			buildActionMask = 2147483647;
			files = (
			);
			runOnlyForDeploymentPostprocessing = 0;
		};
/* End PBXFrameworksBuildPhase section */

/* Begin PBXGroup section */
		85DE76441C326D4700C90225 = {
			isa = PBXGroup;
			children = (
				85DE764F1C326D4700C90225 /* Text */,
				85DE76691C326D4700C90225 /* TextTests */,
				85DE76741C326D4700C90225 /* TextUITests */,
				85DE764E1C326D4700C90225 /* Products */,
			);
			sourceTree = "<group>";
		};
		85DE764E1C326D4700C90225 /* Products */ = {
			isa = PBXGroup;
			children = (
				85DE764D1C326D4700C90225 /* Text.app */,
				85DE76661C326D4700C90225 /* TextTests.xctest */,
				85DE76711C326D4700C90225 /* TextUITests.xctest */,
			);
			name = Products;
			sourceTree = "<group>";
		};
		85DE764F1C326D4700C90225 /* Text */ = {
			isa = PBXGroup;
			children = (
				85DE76531C326D4700C90225 /* AppDelegate.h */,
				85DE76541C326D4700C90225 /* AppDelegate.m */,
				85DE76561C326D4700C90225 /* ViewController.h */,
				85DE76571C326D4700C90225 /* ViewController.m */,
				85DE76591C326D4700C90225 /* Main.storyboard */,
				85DE765C1C326D4700C90225 /* Assets.xcassets */,
				85DE765E1C326D4700C90225 /* LaunchScreen.storyboard */,
				85DE76611C326D4700C90225 /* Info.plist */,
				85DE76501C326D4700C90225 /* Supporting Files */,
			);
			path = Text;
			sourceTree = "<group>";
		};
		85DE76501C326D4700C90225 /* Supporting Files */ = {
			isa = PBXGroup;
			children = (
				85DE76511C326D4700C90225 /* main.m */,
			);
			name = "Supporting Files";
			sourceTree = "<group>";
		};
		85DE76691C326D4700C90225 /* TextTests */ = {
			isa = PBXGroup;
			children = (
				85DE766A1C326D4700C90225 /* TextTests.m */,
				85DE766C1C326D4700C90225 /* Info.plist */,
			);
			path = TextTests;
			sourceTree = "<group>";
		};
		85DE76741C326D4700C90225 /* TextUITests */ = {
			isa = PBXGroup;
			children = (
				85DE76751C326D4700C90225 /* TextUITests.m */,
				85DE76771C326D4700C90225 /* Info.plist */,
			);
			path = TextUITests;
			sourceTree = "<group>";
		};
/* End PBXGroup section */

/* Begin PBXNativeTarget section */
		85DE764C1C326D4700C90225 /* Text */ = {
			isa = PBXNativeTarget;
			buildConfigurationList = 85DE767A1C326D4700C90225 /* Build configuration list for PBXNativeTarget "Text" */;
			buildPhases = (
				85DE76491C326D4700C90225 /* Sources */,
				85DE764A1C326D4700C90225 /* Frameworks */,
				85DE764B1C326D4700C90225 /* Resources */,
			);
			buildRules = (
			);
			dependencies = (
			);
			name = Text;
			productName = Text;
			productReference = 85DE764D1C326D4700C90225 /* Text.app */;
			productType = "com.apple.product-type.application";
		};
		85DE76651C326D4700C90225 /* TextTests */ = {
			isa = PBXNativeTarget;
			buildConfigurationList = 85DE767D1C326D4700C90225 /* Build configuration list for PBXNativeTarget "TextTests" */;
			buildPhases = (
				85DE76621C326D4700C90225 /* Sources */,
				85DE76631C326D4700C90225 /* Frameworks */,
				85DE76641C326D4700C90225 /* Resources */,
			);
			buildRules = (
			);
			dependencies = (
				85DE76681C326D4700C90225 /* PBXTargetDependency */,
			);
			name = TextTests;
			productName = TextTests;
			productReference = 85DE76661C326D4700C90225 /* TextTests.xctest */;
			productType = "com.apple.product-type.bundle.unit-test";
		};
		85DE76701C326D4700C90225 /* TextUITests */ = {
			isa = PBXNativeTarget;
			buildConfigurationList = 85DE76801C326D4700C90225 /* Build configuration list for PBXNativeTarget "TextUITests" */;
			buildPhases = (
				85DE766D1C326D4700C90225 /* Sources */,
				85DE766E1C326D4700C90225 /* Frameworks */,
				85DE766F1C326D4700C90225 /* Resources */,
			);
			buildRules = (
			);
			dependencies = (
				85DE76731C326D4700C90225 /* PBXTargetDependency */,
			);
			name = TextUITests;
			productName = TextUITests;
			productReference = 85DE76711C326D4700C90225 /* TextUITests.xctest */;
			productType = "com.apple.product-type.bundle.ui-testing";
		};
/* End PBXNativeTarget section */

/* Begin PBXProject section */
		85DE76451C326D4700C90225 /* Project object */ = {
			isa = PBXProject;
			attributes = {
				LastUpgradeCheck = 0710;
				ORGANIZATIONNAME = tarena;
				TargetAttributes = {
					85DE764C1C326D4700C90225 = {
						CreatedOnToolsVersion = 7.1;
					};
					85DE76651C326D4700C90225 = {
						CreatedOnToolsVersion = 7.1;
						TestTargetID = 85DE764C1C326D4700C90225;
					};
					85DE76701C326D4700C90225 = {
						CreatedOnToolsVersion = 7.1;
						TestTargetID = 85DE764C1C326D4700C90225;
					};
				};
			};
			buildConfigurationList = 85DE76481C326D4700C90225 /* Build configuration list for PBXProject "Text" */;
			compatibilityVersion = "Xcode 3.2";
			developmentRegion = English;
			hasScannedForEncodings = 0;
			knownRegions = (
				en,
				Base,
			);
			mainGroup = 85DE76441C326D4700C90225;
			productRefGroup = 85DE764E1C326D4700C90225 /* Products */;
			projectDirPath = "";
			projectRoot = "";
			targets = (
				85DE764C1C326D4700C90225 /* Text */,
				85DE76651C326D4700C90225 /* TextTests */,
				85DE76701C326D4700C90225 /* TextUITests */,
			);
		};
/* End PBXProject section */

/* Begin PBXResourcesBuildPhase section */
		85DE764B1C326D4700C90225 /* Resources */ = {
			isa = PBXResourcesBuildPhase;
			buildActionMask = 2147483647;
			files = (
				85DE76601C326D4700C90225 /* LaunchScreen.storyboard in Resources */,
				85DE765D1C326D4700C90225 /* Assets.xcassets in Resources */,
				85DE765B1C326D4700C90225 /* Main.storyboard in Resources */,
			);
			runOnlyForDeploymentPostprocessing = 0;
		};
		85DE76641C326D4700C90225 /* Resources */ = {
			isa = PBXResourcesBuildPhase;
			buildActionMask = 2147483647;
			files = (
			);
			runOnlyForDeploymentPostprocessing = 0;
		};
		85DE766F1C326D4700C90225 /* Resources */ = {
			isa = PBXResourcesBuildPhase;
			buildActionMask = 2147483647;
			files = (
			);
			runOnlyForDeploymentPostprocessing = 0;
		};
/* End PBXResourcesBuildPhase section */

/* Begin PBXSourcesBuildPhase section */
		85DE76491C326D4700C90225 /* Sources */ = {
			isa = PBXSourcesBuildPhase;
			buildActionMask = 2147483647;
			files = (
				85DE76581C326D4700C90225 /* ViewController.m in Sources */,
				85DE76551C326D4700C90225 /* AppDelegate.m in Sources */,
				85DE76521C326D4700C90225 /* main.m in Sources */,
			);
			runOnlyForDeploymentPostprocessing = 0;
		};
		85DE76621C326D4700C90225 /* Sources */ = {
			isa = PBXSourcesBuildPhase;
			buildActionMask = 2147483647;
			files = (
				85DE766B1C326D4700C90225 /* TextTests.m in Sources */,
			);
			runOnlyForDeploymentPostprocessing = 0;
		};
		85DE766D1C326D4700C90225 /* Sources */ = {
			isa = PBXSourcesBuildPhase;
			buildActionMask = 2147483647;
			files = (
				85DE76761C326D4700C90225 /* TextUITests.m in Sources */,
			);
			runOnlyForDeploymentPostprocessing = 0;
		};
/* End PBXSourcesBuildPhase section */

/* Begin PBXTargetDependency section */
		85DE76681C326D4700C90225 /* PBXTargetDependency */ = {
			isa = PBXTargetDependency;
			target = 85DE764C1C326D4700C90225 /* Text */;
			targetProxy = 85DE76671C326D4700C90225 /* PBXContainerItemProxy */;
		};
		85DE76731C326D4700C90225 /* PBXTargetDependency */ = {
			isa = PBXTargetDependency;
			target = 85DE764C1C326D4700C90225 /* Text */;
			targetProxy = 85DE76721C326D4700C90225 /* PBXContainerItemProxy */;
		};
/* End PBXTargetDependency section */

/* Begin PBXVariantGroup section */
		85DE76591C326D4700C90225 /* Main.storyboard */ = {
			isa = PBXVariantGroup;
			children = (
				85DE765A1C326D4700C90225 /* Base */,
			);
			name = Main.storyboard;
			sourceTree = "<group>";
		};
		85DE765E1C326D4700C90225 /* LaunchScreen.storyboard */ = {
			isa = PBXVariantGroup;
			children = (
				85DE765F1C326D4700C90225 /* Base */,
			);
			name = LaunchScreen.storyboard;
			sourceTree = "<group>";
		};
/* End PBXVariantGroup section */

/* Begin XCBuildConfiguration section */
		85DE76781C326D4700C90225 /* Debug */ = {
			isa = XCBuildConfiguration;
			buildSettings = {
				ALWAYS_SEARCH_USER_PATHS = NO;
				CLANG_CXX_LANGUAGE_STANDARD = "gnu++0x";
				CLANG_CXX_LIBRARY = "libc++";
				CLANG_ENABLE_MODULES = YES;
				CLANG_ENABLE_OBJC_ARC = YES;
				CLANG_WARN_BOOL_CONVERSION = YES;
				CLANG_WARN_CONSTANT_CONVERSION = YES;
				CLANG_WARN_DIRECT_OBJC_ISA_USAGE = YES_ERROR;
				CLANG_WARN_EMPTY_BODY = YES;
				CLANG_WARN_ENUM_CONVERSION = YES;
				CLANG_WARN_INT_CONVERSION = YES;
				CLANG_WARN_OBJC_ROOT_CLASS = YES_ERROR;
				CLANG_WARN_UNREACHABLE_CODE = YES;
				CLANG_WARN__DUPLICATE_METHOD_MATCH = YES;
				"CODE_SIGN_IDENTITY[sdk=iphoneos*]" = "iPhone Developer";
				COPY_PHASE_STRIP = NO;
				DEBUG_INFORMATION_FORMAT = dwarf;
				ENABLE_STRICT_OBJC_MSGSEND = YES;
				ENABLE_TESTABILITY = YES;
				GCC_C_LANGUAGE_STANDARD = gnu99;
				GCC_DYNAMIC_NO_PIC = NO;
				GCC_NO_COMMON_BLOCKS = YES;
				GCC_OPTIMIZATION_LEVEL = 0;
				GCC_PREPROCESSOR_DEFINITIONS = (
					"DEBUG=1",
					"$(inherited)",
				);
				GCC_WARN_64_TO_32_BIT_CONVERSION = YES;
				GCC_WARN_ABOUT_RETURN_TYPE = YES_ERROR;
				GCC_WARN_UNDECLARED_SELECTOR = YES;
				GCC_WARN_UNINITIALIZED_AUTOS = YES_AGGRESSIVE;
				GCC_WARN_UNUSED_FUNCTION = YES;
				GCC_WARN_UNUSED_VARIABLE = YES;
				IPHONEOS_DEPLOYMENT_TARGET = 9.1;
				MTL_ENABLE_DEBUG_INFO = YES;
				ONLY_ACTIVE_ARCH = YES;
				SDKROOT = iphoneos;
			};
			name = Debug;
		};
		85DE76791C326D4700C90225 /* Release */ = {
			isa = XCBuildConfiguration;
			buildSettings = {
				ALWAYS_SEARCH_USER_PATHS = NO;
				CLANG_CXX_LANGUAGE_STANDARD = "gnu++0x";
				CLANG_CXX_LIBRARY = "libc++";
				CLANG_ENABLE_MODULES = YES;
				CLANG_ENABLE_OBJC_ARC = YES;
				CLANG_WARN_BOOL_CONVERSION = YES;
				CLANG_WARN_CONSTANT_CONVERSION = YES;
				CLANG_WARN_DIRECT_OBJC_ISA_USAGE = YES_ERROR;
				CLANG_WARN_EMPTY_BODY = YES;
				CLANG_WARN_ENUM_CONVERSION = YES;
				CLANG_WARN_INT_CONVERSION = YES;
				CLANG_WARN_OBJC_ROOT_CLASS = YES_ERROR;
				CLANG_WARN_UNREACHABLE_CODE = YES;
				CLANG_WARN__DUPLICATE_METHOD_MATCH = YES;
				"CODE_SIGN_IDENTITY[sdk=iphoneos*]" = "iPhone Developer";
				COPY_PHASE_STRIP = NO;
				DEBUG_INFORMATION_FORMAT = "dwarf-with-dsym";
				ENABLE_NS_ASSERTIONS = NO;
				ENABLE_STRICT_OBJC_MSGSEND = YES;
				GCC_C_LANGUAGE_STANDARD = gnu99;
				GCC_NO_COMMON_BLOCKS = YES;
				GCC_WARN_64_TO_32_BIT_CONVERSION = YES;
				GCC_WARN_ABOUT_RETURN_TYPE = YES_ERROR;
				GCC_WARN_UNDECLARED_SELECTOR = YES;
				GCC_WARN_UNINITIALIZED_AUTOS = YES_AGGRESSIVE;
				GCC_WARN_UNUSED_FUNCTION = YES;
				GCC_WARN_UNUSED_VARIABLE = YES;
				IPHONEOS_DEPLOYMENT_TARGET = 9.1;
				MTL_ENABLE_DEBUG_INFO = NO;
				SDKROOT = iphoneos;
				VALIDATE_PRODUCT = YES;
			};
			name = Release;
		};
		85DE767B1C326D4700C90225 /* Debug */ = {
			isa = XCBuildConfiguration;
			buildSettings = {
				ASSETCATALOG_COMPILER_APPICON_NAME = AppIcon;
				INFOPLIST_FILE = Text/Info.plist;
				LD_RUNPATH_SEARCH_PATHS = "$(inherited) @executable_path/Frameworks";
				PRODUCT_BUNDLE_IDENTIFIER = com.tarena.Text;
				PRODUCT_NAME = "$(TARGET_NAME)";
			};
			name = Debug;
		};
		85DE767C1C326D4700C90225 /* Release */ = {
			isa = XCBuildConfiguration;
			buildSettings = {
				ASSETCATALOG_COMPILER_APPICON_NAME = AppIcon;
				INFOPLIST_FILE = Text/Info.plist;
				LD_RUNPATH_SEARCH_PATHS = "$(inherited) @executable_path/Frameworks";
				PRODUCT_BUNDLE_IDENTIFIER = com.tarena.Text;
				PRODUCT_NAME = "$(TARGET_NAME)";
			};
			name = Release;
		};
		85DE767E1C326D4700C90225 /* Debug */ = {
			isa = XCBuildConfiguration;
			buildSettings = {
				BUNDLE_LOADER = "$(TEST_HOST)";
				INFOPLIST_FILE = TextTests/Info.plist;
				LD_RUNPATH_SEARCH_PATHS = "$(inherited) @executable_path/Frameworks @loader_path/Frameworks";
				PRODUCT_BUNDLE_IDENTIFIER = com.tarena.TextTests;
				PRODUCT_NAME = "$(TARGET_NAME)";
				TEST_HOST = "$(BUILT_PRODUCTS_DIR)/Text.app/Text";
			};
			name = Debug;
		};
		85DE767F1C326D4700C90225 /* Release */ = {
			isa = XCBuildConfiguration;
			buildSettings = {
				BUNDLE_LOADER = "$(TEST_HOST)";
				INFOPLIST_FILE = TextTests/Info.plist;
				LD_RUNPATH_SEARCH_PATHS = "$(inherited) @executable_path/Frameworks @loader_path/Frameworks";
				PRODUCT_BUNDLE_IDENTIFIER = com.tarena.TextTests;
				PRODUCT_NAME = "$(TARGET_NAME)";
				TEST_HOST = "$(BUILT_PRODUCTS_DIR)/Text.app/Text";
			};
			name = Release;
		};
		85DE76811C326D4700C90225 /* Debug */ = {
			isa = XCBuildConfiguration;
			buildSettings = {
				INFOPLIST_FILE = TextUITests/Info.plist;
				LD_RUNPATH_SEARCH_PATHS = "$(inherited) @executable_path/Frameworks @loader_path/Frameworks";
				PRODUCT_BUNDLE_IDENTIFIER = com.tarena.TextUITests;
				PRODUCT_NAME = "$(TARGET_NAME)";
				TEST_TARGET_NAME = Text;
				USES_XCTRUNNER = YES;
			};
			name = Debug;
		};
		85DE76821C326D4700C90225 /* Release */ = {
			isa = XCBuildConfiguration;
			buildSettings = {
				INFOPLIST_FILE = TextUITests/Info.plist;
				LD_RUNPATH_SEARCH_PATHS = "$(inherited) @executable_path/Frameworks @loader_path/Frameworks";
				PRODUCT_BUNDLE_IDENTIFIER = com.tarena.TextUITests;
				PRODUCT_NAME = "$(TARGET_NAME)";
				TEST_TARGET_NAME = Text;
				USES_XCTRUNNER = YES;
			};
			name = Release;
		};
/* End XCBuildConfiguration section */

/* Begin XCConfigurationList section */
		85DE76481C326D4700C90225 /* Build configuration list for PBXProject "Text" */ = {
			isa = XCConfigurationList;
			buildConfigurations = (
				85DE76781C326D4700C90225 /* Debug */,
				85DE76791C326D4700C90225 /* Release */,
			);
			defaultConfigurationIsVisible = 0;
			defaultConfigurationName = Release;
		};
		85DE767A1C326D4700C90225 /* Build configuration list for PBXNativeTarget "Text" */ = {
			isa = XCConfigurationList;
			buildConfigurations = (
				85DE767B1C326D4700C90225 /* Debug */,
				85DE767C1C326D4700C90225 /* Release */,
			);
			defaultConfigurationIsVisible = 0;
		};
		85DE767D1C326D4700C90225 /* Build configuration list for PBXNativeTarget "TextTests" */ = {
			isa = XCConfigurationList;
			buildConfigurations = (
				85DE767E1C326D4700C90225 /* Debug */,
				85DE767F1C326D4700C90225 /* Release */,
			);
			defaultConfigurationIsVisible = 0;
		};
		85DE76801C326D4700C90225 /* Build configuration list for PBXNativeTarget "TextUITests" */ = {
			isa = XCConfigurationList;
			buildConfigurations = (
				85DE76811C326D4700C90225 /* Debug */,
				85DE76821C326D4700C90225 /* Release */,
			);
			defaultConfigurationIsVisible = 0;
		};
/* End XCConfigurationList section */
	};
	rootObject = 85DE76451C326D4700C90225 /* Project object */;
}
